<?xml version="1.0" encoding="utf-8"?>
<Project ToolsVersion="4.0" xmlns="http://schemas.microsoft.com/developer/msbuild/2003">
  <ItemGroup>
    <Filter Include="Исходные файлы">
      <UniqueIdentifier>{4FC737F1-C7A5-4376-A066-2A32D752A2FF}</UniqueIdentifier>
      <Extensions>cpp;c;cc;cxx;c++;cppm;ixx;def;odl;idl;hpj;bat;asm;asmx</Extensions>
    </Filter>
    <Filter Include="Файлы заголовков">
      <UniqueIdentifier>{93995380-89BD-4b04-88EB-625FBE52EBFB}</UniqueIdentifier>
      <Extensions>h;hh;hpp;hxx;h++;hm;inl;inc;ipp;xsd</Extensions>
    </Filter>
    <Filter Include="Файлы ресурсов">
      <UniqueIdentifier>{67DA6AB6-F800-4c08-8B7A-83BB121AAD01}</UniqueIdentifier>
      <Extensions>rc;ico;cur;bmp;dlg;rc2;rct;bin;rgs;gif;jpg;jpeg;jpe;resx;tiff;tif;png;wav;mfcribbon-ms</Extensions>
    </Filter>
    <Filter Include="SubHeaders">
      <UniqueIdentifier>{c4f1c3b1-7b44-461f-ab35-9513f6f3884d}</UniqueIdentifier>
    </Filter>
    <Filter Include="CommonClasses">
      <UniqueIdentifier>{1f8614bc-b664-4365-86d6-3ca3c798dbf7}</UniqueIdentifier>
    </Filter>
    <Filter Include="TgBotAdditional">
      <UniqueIdentifier>{94856912-64aa-46f9-a94b-dd798b62a102}</UniqueIdentifier>
    </Filter>
  </ItemGroup>
  <ItemGroup>
    <ClCompile Include="main.cpp">
      <Filter>Файлы ресурсов</Filter>
    </ClCompile>
    <ClCompile Include="..\..\..\..\..\libraries\socket.io-client-cpp\src\sio_client.cpp">
      <Filter>Исходные файлы</Filter>
    </ClCompile>
    <ClCompile Include="..\..\..\..\..\libraries\socket.io-client-cpp\src\sio_socket.cpp">
      <Filter>Исходные файлы</Filter>
    </ClCompile>
    <ClCompile Include="..\..\..\..\..\libraries\socket.io-client-cpp\src\internal\sio_client_impl.cpp">
      <Filter>Исходные файлы</Filter>
    </ClCompile>
    <ClCompile Include="..\..\..\..\..\libraries\socket.io-client-cpp\src\internal\sio_packet.cpp">
      <Filter>Исходные файлы</Filter>
    </ClCompile>
  </ItemGroup>
  <ItemGroup>
    <ClInclude Include="ClientSubscriber.hpp">
      <Filter>SubHeaders</Filter>
    </ClInclude>
    <ClInclude Include="ClientBrocker.hpp">
      <Filter>SubHeaders</Filter>
    </ClInclude>
    <ClInclude Include="TgBotSubscriber.hpp">
      <Filter>SubHeaders</Filter>
    </ClInclude>
    <ClInclude Include="WebSocketSubscriber.hpp">
      <Filter>SubHeaders</Filter>
    </ClInclude>
    <ClInclude Include="Config.hpp">
      <Filter>CommonClasses</Filter>
    </ClInclude>
    <ClInclude Include="LogOutput.hpp">
      <Filter>CommonClasses</Filter>
    </ClInclude>
    <ClInclude Include="Service.hpp">
      <Filter>CommonClasses</Filter>
    </ClInclude>
    <ClInclude Include="HardCode.hpp">
      <Filter>CommonClasses</Filter>
    </ClInclude>
    <ClInclude Include="CommandMeneger.hpp">
      <Filter>TgBotAdditional</Filter>
    </ClInclude>
    <ClInclude Include="HTTPClient.hpp">
      <Filter>TgBotAdditional</Filter>
    </ClInclude>
    <ClInclude Include="UserStorage.hpp">
      <Filter>TgBotAdditional</Filter>
    </ClInclude>
  </ItemGroup>
  <ItemGroup>
    <None Include="..\.gitignore" />
    <None Include="config.json" />
    <None Include="UsersData.json" />
  </ItemGroup>
  <ItemGroup>
    <Text Include="Log.txt" />
    <Text Include="CMakeLists.txt" />
  </ItemGroup>
</Project>